
Microsoft Visual Studio Solution File, Format Version 12.00
# Visual Studio Version 17
VisualStudioVersion = 17.9.34607.119
MinimumVisualStudioVersion = 10.0.40219.1
Project("{FAE04EC0-301F-11D3-BF4B-00C04F79EFBC}") = "WebSocketExample", "WebSocketExample\WebSocketExample.csproj", "{633694BA-8660-4319-AE37-3BFE4C23FF88}"
EndProject
Global
	GlobalSection(SolutionConfigurationPlatforms) = preSolution
		Debug|Any CPU = Debug|Any CPU
		Release|Any CPU = Release|Any CPU
	EndGlobalSection
	GlobalSection(ProjectConfigurationPlatforms) = postSolution
		{633694BA-8660-4319-AE37-3BFE4C23FF88}.Debug|Any CPU.ActiveCfg = Debug|Any CPU
		{633694BA-8660-4319-AE37-3BFE4C23FF88}.Debug|Any CPU.Build.0 = Debug|Any CPU
		{633694BA-8660-4319-AE37-3BFE4C23FF88}.Release|Any CPU.ActiveCfg = Release|Any CPU
		{633694BA-8660-4319-AE37-3BFE4C23FF88}.Release|Any CPU.Build.0 = Release|Any CPU
	EndGlobalSection
	GlobalSection(SolutionProperties) = preSolution
		HideSolutionNode = FALSE
	EndGlobalSection
	GlobalSection(ExtensibilityGlobals) = postSolution
		SolutionGuid = {47E55849-9B4B-4AB6-B2A8-9F2BC6015816}
	EndGlobalSection
EndGlobal
